
Microsoft Visual Studio Solution File, Format Version 12.00
# Visual Studio Version 16
VisualStudioVersion = 16.0.31205.134
MinimumVisualStudioVersion = 10.0.40219.1
Project("{9A19103F-16F7-4668-BE54-9A1E7A4F7556}") = "GameServer", "GameServer\GameServer.csproj", "{0E1BF55A-527E-419B-8749-3599C47B5122}"
EndProject
Project("{9A19103F-16F7-4668-BE54-9A1E7A4F7556}") = "GameServer.Model", "GameServer.Units\GameServer.Model.csproj", "{45E0BB6E-F91D-40B8-BC20-BD42A4752C06}"
EndProject
Project("{9A19103F-16F7-4668-BE54-9A1E7A4F7556}") = "GameServer.Battles", "GameServer.Battle\GameServer.Battles.csproj", "{01A5C657-3000-4F0A-883F-CA8AC0013F06}"
EndProject
Project("{9A19103F-16F7-4668-BE54-9A1E7A4F7556}") = "GameServer.Managers", "GameServer.Managers\GameServer.Managers.csproj", "{EDB49DE3-A2F7-447E-8216-1D8BDB27C933}"
EndProject
Project("{9A19103F-16F7-4668-BE54-9A1E7A4F7556}") = "GameServer.Recording", "BattleRecorder\GameServer.Recording.csproj", "{F3829876-D09F-40D2-97B2-C66AA2FEB398}"
EndProject
Project("{9A19103F-16F7-4668-BE54-9A1E7A4F7556}") = "GameServer.Interfaces", "GameServer.Interfaces\GameServer.Interfaces.csproj", "{D405D48B-50D2-4A2F-9E4F-7960353DDFC7}"
EndProject
Project("{9A19103F-16F7-4668-BE54-9A1E7A4F7556}") = "GameServer.Utilities", "GameServer.Utilities\GameServer.Utilities.csproj", "{3963F98F-606E-484E-BEE6-DB272EED536F}"
EndProject
Project("{FAE04EC0-301F-11D3-BF4B-00C04F79EFBC}") = "GameServer.Damages", "GameServer.Damage\GameServer.Damages.csproj", "{DC2FB5E9-317F-4D18-9F64-8B89459EB973}"
EndProject
Project("{FAE04EC0-301F-11D3-BF4B-00C04F79EFBC}") = "GameServer.Common", "GameServer.Common\GameServer.Common.csproj", "{56BDCD21-5E9D-4445-B4C6-84402A2EA4B9}"
EndProject
Global
	GlobalSection(SolutionConfigurationPlatforms) = preSolution
		Debug|Any CPU = Debug|Any CPU
		Release|Any CPU = Release|Any CPU
	EndGlobalSection
	GlobalSection(ProjectConfigurationPlatforms) = postSolution
		{0E1BF55A-527E-419B-8749-3599C47B5122}.Debug|Any CPU.ActiveCfg = Debug|Any CPU
		{0E1BF55A-527E-419B-8749-3599C47B5122}.Debug|Any CPU.Build.0 = Debug|Any CPU
		{0E1BF55A-527E-419B-8749-3599C47B5122}.Release|Any CPU.ActiveCfg = Release|Any CPU
		{0E1BF55A-527E-419B-8749-3599C47B5122}.Release|Any CPU.Build.0 = Release|Any CPU
		{45E0BB6E-F91D-40B8-BC20-BD42A4752C06}.Debug|Any CPU.ActiveCfg = Debug|Any CPU
		{45E0BB6E-F91D-40B8-BC20-BD42A4752C06}.Debug|Any CPU.Build.0 = Debug|Any CPU
		{45E0BB6E-F91D-40B8-BC20-BD42A4752C06}.Release|Any CPU.ActiveCfg = Release|Any CPU
		{45E0BB6E-F91D-40B8-BC20-BD42A4752C06}.Release|Any CPU.Build.0 = Release|Any CPU
		{01A5C657-3000-4F0A-883F-CA8AC0013F06}.Debug|Any CPU.ActiveCfg = Debug|Any CPU
		{01A5C657-3000-4F0A-883F-CA8AC0013F06}.Debug|Any CPU.Build.0 = Debug|Any CPU
		{01A5C657-3000-4F0A-883F-CA8AC0013F06}.Release|Any CPU.ActiveCfg = Release|Any CPU
		{01A5C657-3000-4F0A-883F-CA8AC0013F06}.Release|Any CPU.Build.0 = Release|Any CPU
		{EDB49DE3-A2F7-447E-8216-1D8BDB27C933}.Debug|Any CPU.ActiveCfg = Debug|Any CPU
		{EDB49DE3-A2F7-447E-8216-1D8BDB27C933}.Debug|Any CPU.Build.0 = Debug|Any CPU
		{EDB49DE3-A2F7-447E-8216-1D8BDB27C933}.Release|Any CPU.ActiveCfg = Release|Any CPU
		{EDB49DE3-A2F7-447E-8216-1D8BDB27C933}.Release|Any CPU.Build.0 = Release|Any CPU
		{F3829876-D09F-40D2-97B2-C66AA2FEB398}.Debug|Any CPU.ActiveCfg = Debug|Any CPU
		{F3829876-D09F-40D2-97B2-C66AA2FEB398}.Debug|Any CPU.Build.0 = Debug|Any CPU
		{F3829876-D09F-40D2-97B2-C66AA2FEB398}.Release|Any CPU.ActiveCfg = Release|Any CPU
		{F3829876-D09F-40D2-97B2-C66AA2FEB398}.Release|Any CPU.Build.0 = Release|Any CPU
		{D405D48B-50D2-4A2F-9E4F-7960353DDFC7}.Debug|Any CPU.ActiveCfg = Debug|Any CPU
		{D405D48B-50D2-4A2F-9E4F-7960353DDFC7}.Debug|Any CPU.Build.0 = Debug|Any CPU
		{D405D48B-50D2-4A2F-9E4F-7960353DDFC7}.Release|Any CPU.ActiveCfg = Release|Any CPU
		{D405D48B-50D2-4A2F-9E4F-7960353DDFC7}.Release|Any CPU.Build.0 = Release|Any CPU
		{3963F98F-606E-484E-BEE6-DB272EED536F}.Debug|Any CPU.ActiveCfg = Debug|Any CPU
		{3963F98F-606E-484E-BEE6-DB272EED536F}.Debug|Any CPU.Build.0 = Debug|Any CPU
		{3963F98F-606E-484E-BEE6-DB272EED536F}.Release|Any CPU.ActiveCfg = Release|Any CPU
		{3963F98F-606E-484E-BEE6-DB272EED536F}.Release|Any CPU.Build.0 = Release|Any CPU
		{DC2FB5E9-317F-4D18-9F64-8B89459EB973}.Debug|Any CPU.ActiveCfg = Debug|Any CPU
		{DC2FB5E9-317F-4D18-9F64-8B89459EB973}.Debug|Any CPU.Build.0 = Debug|Any CPU
		{DC2FB5E9-317F-4D18-9F64-8B89459EB973}.Release|Any CPU.ActiveCfg = Release|Any CPU
		{DC2FB5E9-317F-4D18-9F64-8B89459EB973}.Release|Any CPU.Build.0 = Release|Any CPU
		{56BDCD21-5E9D-4445-B4C6-84402A2EA4B9}.Debug|Any CPU.ActiveCfg = Debug|Any CPU
		{56BDCD21-5E9D-4445-B4C6-84402A2EA4B9}.Debug|Any CPU.Build.0 = Debug|Any CPU
		{56BDCD21-5E9D-4445-B4C6-84402A2EA4B9}.Release|Any CPU.ActiveCfg = Release|Any CPU
		{56BDCD21-5E9D-4445-B4C6-84402A2EA4B9}.Release|Any CPU.Build.0 = Release|Any CPU
	EndGlobalSection
	GlobalSection(SolutionProperties) = preSolution
		HideSolutionNode = FALSE
	EndGlobalSection
	GlobalSection(ExtensibilityGlobals) = postSolution
		SolutionGuid = {495DF3C3-9B01-473D-8281-F82700B5D220}
	EndGlobalSection
EndGlobal
