
Microsoft Visual Studio Solution File, Format Version 12.00
# Visual Studio Version 16
VisualStudioVersion = 16.0.31205.134
MinimumVisualStudioVersion = 10.0.40219.1
Project("{FAE04EC0-301F-11D3-BF4B-00C04F79EFBC}") = "GameServer", "GameServer\GameServer.csproj", "{0E1BF55A-527E-419B-8749-3599C47B5122}"
EndProject
Global
	GlobalSection(SolutionConfigurationPlatforms) = preSolution
		Debug|Any CPU = Debug|Any CPU
		Release|Any CPU = Release|Any CPU
	EndGlobalSection
	GlobalSection(ProjectConfigurationPlatforms) = postSolution
		{0E1BF55A-527E-419B-8749-3599C47B5122}.Debug|Any CPU.ActiveCfg = Debug|Any CPU
		{0E1BF55A-527E-419B-8749-3599C47B5122}.Debug|Any CPU.Build.0 = Debug|Any CPU
		{0E1BF55A-527E-419B-8749-3599C47B5122}.Release|Any CPU.ActiveCfg = Release|Any CPU
		{0E1BF55A-527E-419B-8749-3599C47B5122}.Release|Any CPU.Build.0 = Release|Any CPU
	EndGlobalSection
	GlobalSection(SolutionProperties) = preSolution
		HideSolutionNode = FALSE
	EndGlobalSection
	GlobalSection(ExtensibilityGlobals) = postSolution
		SolutionGuid = {495DF3C3-9B01-473D-8281-F82700B5D220}
	EndGlobalSection
EndGlobal
