
Microsoft Visual Studio Solution File, Format Version 12.00
# Visual Studio Version 16
VisualStudioVersion = 16.0.31205.134
MinimumVisualStudioVersion = 10.0.40219.1
Project("{9A19103F-16F7-4668-BE54-9A1E7A4F7556}") = "GameServer", "GameServer\GameServer.csproj", "{0E1BF55A-527E-419B-8749-3599C47B5122}"
EndProject
Project("{FAE04EC0-301F-11D3-BF4B-00C04F79EFBC}") = "GameServer.Model", "GameServer.Units\GameServer.Model.csproj", "{45E0BB6E-F91D-40B8-BC20-BD42A4752C06}"
EndProject
Project("{FAE04EC0-301F-11D3-BF4B-00C04F79EFBC}") = "GameServer.Battles", "GameServer.Battle\GameServer.Battles.csproj", "{01A5C657-3000-4F0A-883F-CA8AC0013F06}"
EndProject
Project("{FAE04EC0-301F-11D3-BF4B-00C04F79EFBC}") = "GameServer.Managers", "GameServer.Managers\GameServer.Managers.csproj", "{EDB49DE3-A2F7-447E-8216-1D8BDB27C933}"
EndProject
Global
	GlobalSection(SolutionConfigurationPlatforms) = preSolution
		Debug|Any CPU = Debug|Any CPU
		Release|Any CPU = Release|Any CPU
	EndGlobalSection
	GlobalSection(ProjectConfigurationPlatforms) = postSolution
		{0E1BF55A-527E-419B-8749-3599C47B5122}.Debug|Any CPU.ActiveCfg = Debug|Any CPU
		{0E1BF55A-527E-419B-8749-3599C47B5122}.Debug|Any CPU.Build.0 = Debug|Any CPU
		{0E1BF55A-527E-419B-8749-3599C47B5122}.Release|Any CPU.ActiveCfg = Release|Any CPU
		{0E1BF55A-527E-419B-8749-3599C47B5122}.Release|Any CPU.Build.0 = Release|Any CPU
		{45E0BB6E-F91D-40B8-BC20-BD42A4752C06}.Debug|Any CPU.ActiveCfg = Debug|Any CPU
		{45E0BB6E-F91D-40B8-BC20-BD42A4752C06}.Debug|Any CPU.Build.0 = Debug|Any CPU
		{45E0BB6E-F91D-40B8-BC20-BD42A4752C06}.Release|Any CPU.ActiveCfg = Release|Any CPU
		{45E0BB6E-F91D-40B8-BC20-BD42A4752C06}.Release|Any CPU.Build.0 = Release|Any CPU
		{01A5C657-3000-4F0A-883F-CA8AC0013F06}.Debug|Any CPU.ActiveCfg = Debug|Any CPU
		{01A5C657-3000-4F0A-883F-CA8AC0013F06}.Debug|Any CPU.Build.0 = Debug|Any CPU
		{01A5C657-3000-4F0A-883F-CA8AC0013F06}.Release|Any CPU.ActiveCfg = Release|Any CPU
		{01A5C657-3000-4F0A-883F-CA8AC0013F06}.Release|Any CPU.Build.0 = Release|Any CPU
		{EDB49DE3-A2F7-447E-8216-1D8BDB27C933}.Debug|Any CPU.ActiveCfg = Debug|Any CPU
		{EDB49DE3-A2F7-447E-8216-1D8BDB27C933}.Debug|Any CPU.Build.0 = Debug|Any CPU
		{EDB49DE3-A2F7-447E-8216-1D8BDB27C933}.Release|Any CPU.ActiveCfg = Release|Any CPU
		{EDB49DE3-A2F7-447E-8216-1D8BDB27C933}.Release|Any CPU.Build.0 = Release|Any CPU
	EndGlobalSection
	GlobalSection(SolutionProperties) = preSolution
		HideSolutionNode = FALSE
	EndGlobalSection
	GlobalSection(ExtensibilityGlobals) = postSolution
		SolutionGuid = {495DF3C3-9B01-473D-8281-F82700B5D220}
	EndGlobalSection
EndGlobal
